// !$*UTF8*$!
{
	archiveVersion = 1;
	classes = {
	};
	objectVersion = 48;
	objects = {

/* Begin PBXBuildFile section */
		EC1788702023334500B38FD3 /* Contact.swift in Sources */ = {isa = PBXBuildFile; fileRef = EC17886F2023334500B38FD3 /* Contact.swift */; };
		EC17887220233CC700B38FD3 /* ListaContatos.swift in Sources */ = {isa = PBXBuildFile; fileRef = EC17887120233CC700B38FD3 /* ListaContatos.swift */; };
		EC287F41202249C400B77CE6 /* AppDelegate.swift in Sources */ = {isa = PBXBuildFile; fileRef = EC287F40202249C400B77CE6 /* AppDelegate.swift */; };
		EC287F43202249C400B77CE6 /* ViewController.swift in Sources */ = {isa = PBXBuildFile; fileRef = EC287F42202249C400B77CE6 /* ViewController.swift */; };
		EC287F46202249C400B77CE6 /* Main.storyboard in Resources */ = {isa = PBXBuildFile; fileRef = EC287F44202249C400B77CE6 /* Main.storyboard */; };
		EC287F48202249C400B77CE6 /* Assets.xcassets in Resources */ = {isa = PBXBuildFile; fileRef = EC287F47202249C400B77CE6 /* Assets.xcassets */; };
		EC287F4B202249C400B77CE6 /* LaunchScreen.storyboard in Resources */ = {isa = PBXBuildFile; fileRef = EC287F49202249C400B77CE6 /* LaunchScreen.storyboard */; };
/* End PBXBuildFile section */

/* Begin PBXFileReference section */
		EC17886F2023334500B38FD3 /* Contact.swift */ = {isa = PBXFileReference; lastKnownFileType = sourcecode.swift; path = Contact.swift; sourceTree = "<group>"; };
		EC17887120233CC700B38FD3 /* ListaContatos.swift */ = {isa = PBXFileReference; lastKnownFileType = sourcecode.swift; path = ListaContatos.swift; sourceTree = "<group>"; };
		EC287F3D202249C400B77CE6 /* AgendaContatos.app */ = {isa = PBXFileReference; explicitFileType = wrapper.application; includeInIndex = 0; path = AgendaContatos.app; sourceTree = BUILT_PRODUCTS_DIR; };
		EC287F40202249C400B77CE6 /* AppDelegate.swift */ = {isa = PBXFileReference; lastKnownFileType = sourcecode.swift; path = AppDelegate.swift; sourceTree = "<group>"; };
		EC287F42202249C400B77CE6 /* ViewController.swift */ = {isa = PBXFileReference; lastKnownFileType = sourcecode.swift; path = ViewController.swift; sourceTree = "<group>"; };
		EC287F45202249C400B77CE6 /* Base */ = {isa = PBXFileReference; lastKnownFileType = file.storyboard; name = Base; path = Base.lproj/Main.storyboard; sourceTree = "<group>"; };
		EC287F47202249C400B77CE6 /* Assets.xcassets */ = {isa = PBXFileReference; lastKnownFileType = folder.assetcatalog; path = Assets.xcassets; sourceTree = "<group>"; };
		EC287F4A202249C400B77CE6 /* Base */ = {isa = PBXFileReference; lastKnownFileType = file.storyboard; name = Base; path = Base.lproj/LaunchScreen.storyboard; sourceTree = "<group>"; };
		EC287F4C202249C400B77CE6 /* Info.plist */ = {isa = PBXFileReference; lastKnownFileType = text.plist.xml; path = Info.plist; sourceTree = "<group>"; };
/* End PBXFileReference section */

/* Begin PBXFrameworksBuildPhase section */
		EC287F3A202249C400B77CE6 /* Frameworks */ = {
			isa = PBXFrameworksBuildPhase;
			buildActionMask = 2147483647;
			files = (
			);
			runOnlyForDeploymentPostprocessing = 0;
		};
/* End PBXFrameworksBuildPhase section */

/* Begin PBXGroup section */
		EC287F34202249C400B77CE6 = {
			isa = PBXGroup;
			children = (
				EC287F3F202249C400B77CE6 /* AgendaContatos */,
				EC287F3E202249C400B77CE6 /* Products */,
			);
			sourceTree = "<group>";
		};
		EC287F3E202249C400B77CE6 /* Products */ = {
			isa = PBXGroup;
			children = (
				EC287F3D202249C400B77CE6 /* AgendaContatos.app */,
			);
			name = Products;
			sourceTree = "<group>";
		};
		EC287F3F202249C400B77CE6 /* AgendaContatos */ = {
			isa = PBXGroup;
			children = (
				EC287F40202249C400B77CE6 /* AppDelegate.swift */,
				EC287F42202249C400B77CE6 /* ViewController.swift */,
				EC287F44202249C400B77CE6 /* Main.storyboard */,
				EC287F47202249C400B77CE6 /* Assets.xcassets */,
				EC287F49202249C400B77CE6 /* LaunchScreen.storyboard */,
				EC287F4C202249C400B77CE6 /* Info.plist */,
				EC17886F2023334500B38FD3 /* Contact.swift */,
				EC17887120233CC700B38FD3 /* ListaContatos.swift */,
			);
			path = AgendaContatos;
			sourceTree = "<group>";
		};
/* End PBXGroup section */

/* Begin PBXNativeTarget section */
		EC287F3C202249C400B77CE6 /* AgendaContatos */ = {
			isa = PBXNativeTarget;
			buildConfigurationList = EC287F4F202249C400B77CE6 /* Build configuration list for PBXNativeTarget "AgendaContatos" */;
			buildPhases = (
				EC287F39202249C400B77CE6 /* Sources */,
				EC287F3A202249C400B77CE6 /* Frameworks */,
				EC287F3B202249C400B77CE6 /* Resources */,
			);
			buildRules = (
			);
			dependencies = (
			);
			name = AgendaContatos;
			productName = AgendaContatos;
			productReference = EC287F3D202249C400B77CE6 /* AgendaContatos.app */;
			productType = "com.apple.product-type.application";
		};
/* End PBXNativeTarget section */

/* Begin PBXProject section */
		EC287F35202249C400B77CE6 /* Project object */ = {
			isa = PBXProject;
			attributes = {
				LastSwiftUpdateCheck = 0920;
				LastUpgradeCheck = 0920;
				ORGANIZATIONNAME = "Bruno Lopes de Mello";
				TargetAttributes = {
					EC287F3C202249C400B77CE6 = {
						CreatedOnToolsVersion = 9.2;
						ProvisioningStyle = Automatic;
					};
				};
			};
			buildConfigurationList = EC287F38202249C400B77CE6 /* Build configuration list for PBXProject "AgendaContatos" */;
			compatibilityVersion = "Xcode 8.0";
			developmentRegion = en;
			hasScannedForEncodings = 0;
			knownRegions = (
				en,
				Base,
			);
			mainGroup = EC287F34202249C400B77CE6;
			productRefGroup = EC287F3E202249C400B77CE6 /* Products */;
			projectDirPath = "";
			projectRoot = "";
			targets = (
				EC287F3C202249C400B77CE6 /* AgendaContatos */,
			);
		};
/* End PBXProject section */

/* Begin PBXResourcesBuildPhase section */
		EC287F3B202249C400B77CE6 /* Resources */ = {
			isa = PBXResourcesBuildPhase;
			buildActionMask = 2147483647;
			files = (
				EC287F4B202249C400B77CE6 /* LaunchScreen.storyboard in Resources */,
				EC287F48202249C400B77CE6 /* Assets.xcassets in Resources */,
				EC287F46202249C400B77CE6 /* Main.storyboard in Resources */,
			);
			runOnlyForDeploymentPostprocessing = 0;
		};
/* End PBXResourcesBuildPhase section */

/* Begin PBXSourcesBuildPhase section */
		EC287F39202249C400B77CE6 /* Sources */ = {
			isa = PBXSourcesBuildPhase;
			buildActionMask = 2147483647;
			files = (
				EC1788702023334500B38FD3 /* Contact.swift in Sources */,
				EC287F43202249C400B77CE6 /* ViewController.swift in Sources */,
				EC17887220233CC700B38FD3 /* ListaContatos.swift in Sources */,
				EC287F41202249C400B77CE6 /* AppDelegate.swift in Sources */,
			);
			runOnlyForDeploymentPostprocessing = 0;
		};
/* End PBXSourcesBuildPhase section */

/* Begin PBXVariantGroup section */
		EC287F44202249C400B77CE6 /* Main.storyboard */ = {
			isa = PBXVariantGroup;
			children = (
				EC287F45202249C400B77CE6 /* Base */,
			);
			name = Main.storyboard;
			sourceTree = "<group>";
		};
		EC287F49202249C400B77CE6 /* LaunchScreen.storyboard */ = {
			isa = PBXVariantGroup;
			children = (
				EC287F4A202249C400B77CE6 /* Base */,
			);
			name = LaunchScreen.storyboard;
			sourceTree = "<group>";
		};
/* End PBXVariantGroup section */

/* Begin XCBuildConfiguration section */
		EC287F4D202249C400B77CE6 /* Debug */ = {
			isa = XCBuildConfiguration;
			buildSettings = {
				ALWAYS_SEARCH_USER_PATHS = NO;
				CLANG_ANALYZER_NONNULL = YES;
				CLANG_ANALYZER_NUMBER_OBJECT_CONVERSION = YES_AGGRESSIVE;
				CLANG_CXX_LANGUAGE_STANDARD = "gnu++14";
				CLANG_CXX_LIBRARY = "libc++";
				CLANG_ENABLE_MODULES = YES;
				CLANG_ENABLE_OBJC_ARC = YES;
				CLANG_WARN_BLOCK_CAPTURE_AUTORELEASING = YES;
				CLANG_WARN_BOOL_CONVERSION = YES;
				CLANG_WARN_COMMA = YES;
				CLANG_WARN_CONSTANT_CONVERSION = YES;
				CLANG_WARN_DIRECT_OBJC_ISA_USAGE = YES_ERROR;
				CLANG_WARN_DOCUMENTATION_COMMENTS = YES;
				CLANG_WARN_EMPTY_BODY = YES;
				CLANG_WARN_ENUM_CONVERSION = YES;
				CLANG_WARN_INFINITE_RECURSION = YES;
				CLANG_WARN_INT_CONVERSION = YES;
				CLANG_WARN_NON_LITERAL_NULL_CONVERSION = YES;
				CLANG_WARN_OBJC_LITERAL_CONVERSION = YES;
				CLANG_WARN_OBJC_ROOT_CLASS = YES_ERROR;
				CLANG_WARN_RANGE_LOOP_ANALYSIS = YES;
				CLANG_WARN_STRICT_PROTOTYPES = YES;
				CLANG_WARN_SUSPICIOUS_MOVE = YES;
				CLANG_WARN_UNGUARDED_AVAILABILITY = YES_AGGRESSIVE;
				CLANG_WARN_UNREACHABLE_CODE = YES;
				CLANG_WARN__DUPLICATE_METHOD_MATCH = YES;
				CODE_SIGN_IDENTITY = "iPhone Developer";
				COPY_PHASE_STRIP = NO;
				DEBUG_INFORMATION_FORMAT = dwarf;
				ENABLE_STRICT_OBJC_MSGSEND = YES;
				ENABLE_TESTABILITY = YES;
				GCC_C_LANGUAGE_STANDARD = gnu11;
				GCC_DYNAMIC_NO_PIC = NO;
				GCC_NO_COMMON_BLOCKS = YES;
				GCC_OPTIMIZATION_LEVEL = 0;
				GCC_PREPROCESSOR_DEFINITIONS = (
					"DEBUG=1",
					"$(inherited)",
				);
				GCC_WARN_64_TO_32_BIT_CONVERSION = YES;
				GCC_WARN_ABOUT_RETURN_TYPE = YES_ERROR;
				GCC_WARN_UNDECLARED_SELECTOR = YES;
				GCC_WARN_UNINITIALIZED_AUTOS = YES_AGGRESSIVE;
				GCC_WARN_UNUSED_FUNCTION = YES;
				GCC_WARN_UNUSED_VARIABLE = YES;
				IPHONEOS_DEPLOYMENT_TARGET = 11.2;
				MTL_ENABLE_DEBUG_INFO = YES;
				ONLY_ACTIVE_ARCH = YES;
				SDKROOT = iphoneos;
				SWIFT_ACTIVE_COMPILATION_CONDITIONS = DEBUG;
				SWIFT_OPTIMIZATION_LEVEL = "-Onone";
			};
			name = Debug;
		};
		EC287F4E202249C400B77CE6 /* Release */ = {
			isa = XCBuildConfiguration;
			buildSettings = {
				ALWAYS_SEARCH_USER_PATHS = NO;
				CLANG_ANALYZER_NONNULL = YES;
				CLANG_ANALYZER_NUMBER_OBJECT_CONVERSION = YES_AGGRESSIVE;
				CLANG_CXX_LANGUAGE_STANDARD = "gnu++14";
				CLANG_CXX_LIBRARY = "libc++";
				CLANG_ENABLE_MODULES = YES;
				CLANG_ENABLE_OBJC_ARC = YES;
				CLANG_WARN_BLOCK_CAPTURE_AUTORELEASING = YES;
				CLANG_WARN_BOOL_CONVERSION = YES;
				CLANG_WARN_COMMA = YES;
				CLANG_WARN_CONSTANT_CONVERSION = YES;
				CLANG_WARN_DIRECT_OBJC_ISA_USAGE = YES_ERROR;
				CLANG_WARN_DOCUMENTATION_COMMENTS = YES;
				CLANG_WARN_EMPTY_BODY = YES;
				CLANG_WARN_ENUM_CONVERSION = YES;
				CLANG_WARN_INFINITE_RECURSION = YES;
				CLANG_WARN_INT_CONVERSION = YES;
				CLANG_WARN_NON_LITERAL_NULL_CONVERSION = YES;
				CLANG_WARN_OBJC_LITERAL_CONVERSION = YES;
				CLANG_WARN_OBJC_ROOT_CLASS = YES_ERROR;
				CLANG_WARN_RANGE_LOOP_ANALYSIS = YES;
				CLANG_WARN_STRICT_PROTOTYPES = YES;
				CLANG_WARN_SUSPICIOUS_MOVE = YES;
				CLANG_WARN_UNGUARDED_AVAILABILITY = YES_AGGRESSIVE;
				CLANG_WARN_UNREACHABLE_CODE = YES;
				CLANG_WARN__DUPLICATE_METHOD_MATCH = YES;
				CODE_SIGN_IDENTITY = "iPhone Developer";
				COPY_PHASE_STRIP = NO;
				DEBUG_INFORMATION_FORMAT = "dwarf-with-dsym";
				ENABLE_NS_ASSERTIONS = NO;
				ENABLE_STRICT_OBJC_MSGSEND = YES;
				GCC_C_LANGUAGE_STANDARD = gnu11;
				GCC_NO_COMMON_BLOCKS = YES;
				GCC_WARN_64_TO_32_BIT_CONVERSION = YES;
				GCC_WARN_ABOUT_RETURN_TYPE = YES_ERROR;
				GCC_WARN_UNDECLARED_SELECTOR = YES;
				GCC_WARN_UNINITIALIZED_AUTOS = YES_AGGRESSIVE;
				GCC_WARN_UNUSED_FUNCTION = YES;
				GCC_WARN_UNUSED_VARIABLE = YES;
				IPHONEOS_DEPLOYMENT_TARGET = 11.2;
				MTL_ENABLE_DEBUG_INFO = NO;
				SDKROOT = iphoneos;
				SWIFT_OPTIMIZATION_LEVEL = "-Owholemodule";
				VALIDATE_PRODUCT = YES;
			};
			name = Release;
		};
		EC287F50202249C400B77CE6 /* Debug */ = {
			isa = XCBuildConfiguration;
			buildSettings = {
				ASSETCATALOG_COMPILER_APPICON_NAME = AppIcon;
				CODE_SIGN_STYLE = Automatic;
				DEVELOPMENT_TEAM = RDTR6557FX;
				INFOPLIST_FILE = AgendaContatos/Info.plist;
				LD_RUNPATH_SEARCH_PATHS = "$(inherited) @executable_path/Frameworks";
				PRODUCT_BUNDLE_IDENTIFIER = com.bruno.AgendaContatos;
				PRODUCT_NAME = "$(TARGET_NAME)";
				SWIFT_VERSION = 4.0;
				TARGETED_DEVICE_FAMILY = "1,2";
			};
			name = Debug;
		};
		EC287F51202249C400B77CE6 /* Release */ = {
			isa = XCBuildConfiguration;
			buildSettings = {
				ASSETCATALOG_COMPILER_APPICON_NAME = AppIcon;
				CODE_SIGN_STYLE = Automatic;
				DEVELOPMENT_TEAM = RDTR6557FX;
				INFOPLIST_FILE = AgendaContatos/Info.plist;
				LD_RUNPATH_SEARCH_PATHS = "$(inherited) @executable_path/Frameworks";
				PRODUCT_BUNDLE_IDENTIFIER = com.bruno.AgendaContatos;
				PRODUCT_NAME = "$(TARGET_NAME)";
				SWIFT_VERSION = 4.0;
				TARGETED_DEVICE_FAMILY = "1,2";
			};
			name = Release;
		};
/* End XCBuildConfiguration section */

/* Begin XCConfigurationList section */
		EC287F38202249C400B77CE6 /* Build configuration list for PBXProject "AgendaContatos" */ = {
			isa = XCConfigurationList;
			buildConfigurations = (
				EC287F4D202249C400B77CE6 /* Debug */,
				EC287F4E202249C400B77CE6 /* Release */,
			);
			defaultConfigurationIsVisible = 0;
			defaultConfigurationName = Release;
		};
		EC287F4F202249C400B77CE6 /* Build configuration list for PBXNativeTarget "AgendaContatos" */ = {
			isa = XCConfigurationList;
			buildConfigurations = (
				EC287F50202249C400B77CE6 /* Debug */,
				EC287F51202249C400B77CE6 /* Release */,
			);
			defaultConfigurationIsVisible = 0;
			defaultConfigurationName = Release;
		};
/* End XCConfigurationList section */
	};
	rootObject = EC287F35202249C400B77CE6 /* Project object */;
}
